// !$*UTF8*$!
{
	archiveVersion = 1;
	classes = {
	};
	objectVersion = 46;
	objects = {

/* Begin PBXBuildFile section */
		351A45CF1D2BB41E00BABB93 /* JSPatch.framework in Frameworks */ = {isa = PBXBuildFile; fileRef = 351A45CE1D2BB41E00BABB93 /* JSPatch.framework */; };
		352929741D26515200645E4B /* main.m in Sources */ = {isa = PBXBuildFile; fileRef = 352929731D26515200645E4B /* main.m */; };
		352929771D26515200645E4B /* AppDelegate.m in Sources */ = {isa = PBXBuildFile; fileRef = 352929761D26515200645E4B /* AppDelegate.m */; };
		3529297F1D26515200645E4B /* Assets.xcassets in Resources */ = {isa = PBXBuildFile; fileRef = 3529297E1D26515200645E4B /* Assets.xcassets */; };
		352929821D26515200645E4B /* LaunchScreen.storyboard in Resources */ = {isa = PBXBuildFile; fileRef = 352929801D26515200645E4B /* LaunchScreen.storyboard */; };
		3529298D1D26515200645E4B /* BlackMonkey_JSPatchTests.m in Sources */ = {isa = PBXBuildFile; fileRef = 3529298C1D26515200645E4B /* BlackMonkey_JSPatchTests.m */; };
		352929981D26515200645E4B /* BlackMonkey_JSPatchUITests.m in Sources */ = {isa = PBXBuildFile; fileRef = 352929971D26515200645E4B /* BlackMonkey_JSPatchUITests.m */; };
		354D35E11D2A518A00EC2D07 /* HomeController.js in Resources */ = {isa = PBXBuildFile; fileRef = 354D35E01D2A518A00EC2D07 /* HomeController.js */; };
		354D35E41D2A51A700EC2D07 /* JSManager.m in Sources */ = {isa = PBXBuildFile; fileRef = 354D35E31D2A51A700EC2D07 /* JSManager.m */; };
		354D35F11D2A68A500EC2D07 /* JavaScriptCore.framework in Frameworks */ = {isa = PBXBuildFile; fileRef = 354D35F01D2A68A500EC2D07 /* JavaScriptCore.framework */; };
		35DB42F11D2B558C009F487C /* main.js in Resources */ = {isa = PBXBuildFile; fileRef = 35DB42F01D2B558C009F487C /* main.js */; };
		35E9CBB11D2B4739001FA04E /* libz.1.1.3.tbd in Frameworks */ = {isa = PBXBuildFile; fileRef = 35E9CBB01D2B4739001FA04E /* libz.1.1.3.tbd */; };
		35E9CBBA1D2B4EA6001FA04E /* BaseController.m in Sources */ = {isa = PBXBuildFile; fileRef = 35E9CBB71D2B4EA6001FA04E /* BaseController.m */; };
		35E9CBBB1D2B4EA6001FA04E /* HomeController.m in Sources */ = {isa = PBXBuildFile; fileRef = 35E9CBB91D2B4EA6001FA04E /* HomeController.m */; };
		FC2D58B46595FABCE904AF2C /* Pods_BlackMonkey_JSPatch.framework in Frameworks */ = {isa = PBXBuildFile; fileRef = 1E1B8FBDDEA9C8E4883143BD /* Pods_BlackMonkey_JSPatch.framework */; };
/* End PBXBuildFile section */

/* Begin PBXContainerItemProxy section */
		352929891D26515200645E4B /* PBXContainerItemProxy */ = {
			isa = PBXContainerItemProxy;
			containerPortal = 352929671D26515200645E4B /* Project object */;
			proxyType = 1;
			remoteGlobalIDString = 3529296E1D26515200645E4B;
			remoteInfo = BlackMonkey_JSPatch;
		};
		352929941D26515200645E4B /* PBXContainerItemProxy */ = {
			isa = PBXContainerItemProxy;
			containerPortal = 352929671D26515200645E4B /* Project object */;
			proxyType = 1;
			remoteGlobalIDString = 3529296E1D26515200645E4B;
			remoteInfo = BlackMonkey_JSPatch;
		};
/* End PBXContainerItemProxy section */

/* Begin PBXFileReference section */
		1A60F29D53FE9494EA0BFF5A /* Pods-BlackMonkey_JSPatch.release.xcconfig */ = {isa = PBXFileReference; includeInIndex = 1; lastKnownFileType = text.xcconfig; name = "Pods-BlackMonkey_JSPatch.release.xcconfig"; path = "Pods/Target Support Files/Pods-BlackMonkey_JSPatch/Pods-BlackMonkey_JSPatch.release.xcconfig"; sourceTree = "<group>"; };
		1E1B8FBDDEA9C8E4883143BD /* Pods_BlackMonkey_JSPatch.framework */ = {isa = PBXFileReference; explicitFileType = wrapper.framework; includeInIndex = 0; path = Pods_BlackMonkey_JSPatch.framework; sourceTree = BUILT_PRODUCTS_DIR; };
		351A45CE1D2BB41E00BABB93 /* JSPatch.framework */ = {isa = PBXFileReference; lastKnownFileType = wrapper.framework; path = JSPatch.framework; sourceTree = "<group>"; };
		3529296F1D26515200645E4B /* BlackMonkey_JSPatch.app */ = {isa = PBXFileReference; explicitFileType = wrapper.application; includeInIndex = 0; path = BlackMonkey_JSPatch.app; sourceTree = BUILT_PRODUCTS_DIR; };
		352929731D26515200645E4B /* main.m */ = {isa = PBXFileReference; lastKnownFileType = sourcecode.c.objc; path = main.m; sourceTree = "<group>"; };
		352929751D26515200645E4B /* AppDelegate.h */ = {isa = PBXFileReference; lastKnownFileType = sourcecode.c.h; path = AppDelegate.h; sourceTree = "<group>"; };
		352929761D26515200645E4B /* AppDelegate.m */ = {isa = PBXFileReference; lastKnownFileType = sourcecode.c.objc; path = AppDelegate.m; sourceTree = "<group>"; };
		3529297E1D26515200645E4B /* Assets.xcassets */ = {isa = PBXFileReference; lastKnownFileType = folder.assetcatalog; path = Assets.xcassets; sourceTree = "<group>"; };
		352929811D26515200645E4B /* Base */ = {isa = PBXFileReference; lastKnownFileType = file.storyboard; name = Base; path = Base.lproj/LaunchScreen.storyboard; sourceTree = "<group>"; };
		352929831D26515200645E4B /* Info.plist */ = {isa = PBXFileReference; lastKnownFileType = text.plist.xml; path = Info.plist; sourceTree = "<group>"; };
		352929881D26515200645E4B /* BlackMonkey_JSPatchTests.xctest */ = {isa = PBXFileReference; explicitFileType = wrapper.cfbundle; includeInIndex = 0; path = BlackMonkey_JSPatchTests.xctest; sourceTree = BUILT_PRODUCTS_DIR; };
		3529298C1D26515200645E4B /* BlackMonkey_JSPatchTests.m */ = {isa = PBXFileReference; lastKnownFileType = sourcecode.c.objc; path = BlackMonkey_JSPatchTests.m; sourceTree = "<group>"; };
		3529298E1D26515200645E4B /* Info.plist */ = {isa = PBXFileReference; lastKnownFileType = text.plist.xml; path = Info.plist; sourceTree = "<group>"; };
		352929931D26515200645E4B /* BlackMonkey_JSPatchUITests.xctest */ = {isa = PBXFileReference; explicitFileType = wrapper.cfbundle; includeInIndex = 0; path = BlackMonkey_JSPatchUITests.xctest; sourceTree = BUILT_PRODUCTS_DIR; };
		352929971D26515200645E4B /* BlackMonkey_JSPatchUITests.m */ = {isa = PBXFileReference; lastKnownFileType = sourcecode.c.objc; path = BlackMonkey_JSPatchUITests.m; sourceTree = "<group>"; };
		352929991D26515200645E4B /* Info.plist */ = {isa = PBXFileReference; lastKnownFileType = text.plist.xml; path = Info.plist; sourceTree = "<group>"; };
		354D35E01D2A518A00EC2D07 /* HomeController.js */ = {isa = PBXFileReference; fileEncoding = 4; lastKnownFileType = sourcecode.javascript; path = HomeController.js; sourceTree = "<group>"; };
		354D35E21D2A51A700EC2D07 /* JSManager.h */ = {isa = PBXFileReference; fileEncoding = 4; lastKnownFileType = sourcecode.c.h; path = JSManager.h; sourceTree = "<group>"; };
		354D35E31D2A51A700EC2D07 /* JSManager.m */ = {isa = PBXFileReference; fileEncoding = 4; lastKnownFileType = sourcecode.c.objc; path = JSManager.m; sourceTree = "<group>"; };
		354D35EE1D2A689D00EC2D07 /* libz.tbd */ = {isa = PBXFileReference; lastKnownFileType = "sourcecode.text-based-dylib-definition"; name = libz.tbd; path = usr/lib/libz.tbd; sourceTree = SDKROOT; };
		354D35F01D2A68A500EC2D07 /* JavaScriptCore.framework */ = {isa = PBXFileReference; lastKnownFileType = wrapper.framework; name = JavaScriptCore.framework; path = System/Library/Frameworks/JavaScriptCore.framework; sourceTree = SDKROOT; };
		35DB42F01D2B558C009F487C /* main.js */ = {isa = PBXFileReference; fileEncoding = 4; lastKnownFileType = sourcecode.javascript; path = main.js; sourceTree = "<group>"; };
		35E9CBB01D2B4739001FA04E /* libz.1.1.3.tbd */ = {isa = PBXFileReference; lastKnownFileType = "sourcecode.text-based-dylib-definition"; name = libz.1.1.3.tbd; path = usr/lib/libz.1.1.3.tbd; sourceTree = SDKROOT; };
		35E9CBB61D2B4EA6001FA04E /* BaseController.h */ = {isa = PBXFileReference; fileEncoding = 4; lastKnownFileType = sourcecode.c.h; path = BaseController.h; sourceTree = "<group>"; };
		35E9CBB71D2B4EA6001FA04E /* BaseController.m */ = {isa = PBXFileReference; fileEncoding = 4; lastKnownFileType = sourcecode.c.objc; path = BaseController.m; sourceTree = "<group>"; };
		35E9CBB81D2B4EA6001FA04E /* HomeController.h */ = {isa = PBXFileReference; fileEncoding = 4; lastKnownFileType = sourcecode.c.h; path = HomeController.h; sourceTree = "<group>"; };
		35E9CBB91D2B4EA6001FA04E /* HomeController.m */ = {isa = PBXFileReference; fileEncoding = 4; lastKnownFileType = sourcecode.c.objc; path = HomeController.m; sourceTree = "<group>"; };
		DCAD6B50CC3DC608B8EFF88E /* Pods-BlackMonkey_JSPatch.debug.xcconfig */ = {isa = PBXFileReference; includeInIndex = 1; lastKnownFileType = text.xcconfig; name = "Pods-BlackMonkey_JSPatch.debug.xcconfig"; path = "Pods/Target Support Files/Pods-BlackMonkey_JSPatch/Pods-BlackMonkey_JSPatch.debug.xcconfig"; sourceTree = "<group>"; };
/* End PBXFileReference section */

/* Begin PBXFrameworksBuildPhase section */
		3529296C1D26515200645E4B /* Frameworks */ = {
			isa = PBXFrameworksBuildPhase;
			buildActionMask = 2147483647;
			files = (
				35E9CBB11D2B4739001FA04E /* libz.1.1.3.tbd in Frameworks */,
				354D35F11D2A68A500EC2D07 /* JavaScriptCore.framework in Frameworks */,
				351A45CF1D2BB41E00BABB93 /* JSPatch.framework in Frameworks */,
				FC2D58B46595FABCE904AF2C /* Pods_BlackMonkey_JSPatch.framework in Frameworks */,
			);
			runOnlyForDeploymentPostprocessing = 0;
		};
		352929851D26515200645E4B /* Frameworks */ = {
			isa = PBXFrameworksBuildPhase;
			buildActionMask = 2147483647;
			files = (
			);
			runOnlyForDeploymentPostprocessing = 0;
		};
		352929901D26515200645E4B /* Frameworks */ = {
			isa = PBXFrameworksBuildPhase;
			buildActionMask = 2147483647;
			files = (
			);
			runOnlyForDeploymentPostprocessing = 0;
		};
/* End PBXFrameworksBuildPhase section */

/* Begin PBXGroup section */
		0D0C0578359A66C2739470D8 /* Pods */ = {
			isa = PBXGroup;
			children = (
				DCAD6B50CC3DC608B8EFF88E /* Pods-BlackMonkey_JSPatch.debug.xcconfig */,
				1A60F29D53FE9494EA0BFF5A /* Pods-BlackMonkey_JSPatch.release.xcconfig */,
			);
			name = Pods;
			sourceTree = "<group>";
		};
		352929661D26515200645E4B = {
			isa = PBXGroup;
			children = (
				352929711D26515200645E4B /* BlackMonkey_JSPatch */,
				3529298B1D26515200645E4B /* BlackMonkey_JSPatchTests */,
				352929961D26515200645E4B /* BlackMonkey_JSPatchUITests */,
				352929701D26515200645E4B /* Products */,
				0D0C0578359A66C2739470D8 /* Pods */,
				A55DFFCDCB66113C44ED04BF /* Frameworks */,
			);
			sourceTree = "<group>";
		};
		352929701D26515200645E4B /* Products */ = {
			isa = PBXGroup;
			children = (
				3529296F1D26515200645E4B /* BlackMonkey_JSPatch.app */,
				352929881D26515200645E4B /* BlackMonkey_JSPatchTests.xctest */,
				352929931D26515200645E4B /* BlackMonkey_JSPatchUITests.xctest */,
			);
			name = Products;
			sourceTree = "<group>";
		};
		352929711D26515200645E4B /* BlackMonkey_JSPatch */ = {
			isa = PBXGroup;
			children = (
				351A45CE1D2BB41E00BABB93 /* JSPatch.framework */,
				352929AC1D2652CF00645E4B /* View */,
				352929AD1D2652CF00645E4B /* VIewModel */,
				352929A71D2652CF00645E4B /* Controller */,
				352929A51D2652CF00645E4B /* Bll */,
				352929A61D2652CF00645E4B /* Common */,
				352929A81D2652CF00645E4B /* Dal */,
				352929A91D2652CF00645E4B /* JsFile */,
				352929AA1D2652CF00645E4B /* Model */,
				352929AB1D2652CF00645E4B /* Others */,
				352929751D26515200645E4B /* AppDelegate.h */,
				352929761D26515200645E4B /* AppDelegate.m */,
				3529297E1D26515200645E4B /* Assets.xcassets */,
				352929801D26515200645E4B /* LaunchScreen.storyboard */,
				352929831D26515200645E4B /* Info.plist */,
				352929721D26515200645E4B /* Supporting Files */,
			);
			path = BlackMonkey_JSPatch;
			sourceTree = "<group>";
		};
		352929721D26515200645E4B /* Supporting Files */ = {
			isa = PBXGroup;
			children = (
				352929731D26515200645E4B /* main.m */,
			);
			name = "Supporting Files";
			sourceTree = "<group>";
		};
		3529298B1D26515200645E4B /* BlackMonkey_JSPatchTests */ = {
			isa = PBXGroup;
			children = (
				3529298C1D26515200645E4B /* BlackMonkey_JSPatchTests.m */,
				3529298E1D26515200645E4B /* Info.plist */,
			);
			path = BlackMonkey_JSPatchTests;
			sourceTree = "<group>";
		};
		352929961D26515200645E4B /* BlackMonkey_JSPatchUITests */ = {
			isa = PBXGroup;
			children = (
				352929971D26515200645E4B /* BlackMonkey_JSPatchUITests.m */,
				352929991D26515200645E4B /* Info.plist */,
			);
			path = BlackMonkey_JSPatchUITests;
			sourceTree = "<group>";
		};
		352929A51D2652CF00645E4B /* Bll */ = {
			isa = PBXGroup;
			children = (
			);
			path = Bll;
			sourceTree = "<group>";
		};
		352929A61D2652CF00645E4B /* Common */ = {
			isa = PBXGroup;
			children = (
				354D35E21D2A51A700EC2D07 /* JSManager.h */,
				354D35E31D2A51A700EC2D07 /* JSManager.m */,
			);
			path = Common;
			sourceTree = "<group>";
		};
		352929A71D2652CF00645E4B /* Controller */ = {
			isa = PBXGroup;
			children = (
				35E9CBB61D2B4EA6001FA04E /* BaseController.h */,
				35E9CBB71D2B4EA6001FA04E /* BaseController.m */,
				35E9CBB81D2B4EA6001FA04E /* HomeController.h */,
				35E9CBB91D2B4EA6001FA04E /* HomeController.m */,
			);
			path = Controller;
			sourceTree = "<group>";
		};
		352929A81D2652CF00645E4B /* Dal */ = {
			isa = PBXGroup;
			children = (
			);
			path = Dal;
			sourceTree = "<group>";
		};
		352929A91D2652CF00645E4B /* JsFile */ = {
			isa = PBXGroup;
			children = (
				354D35E01D2A518A00EC2D07 /* HomeController.js */,
				35DB42F01D2B558C009F487C /* main.js */,
			);
			path = JsFile;
			sourceTree = "<group>";
		};
		352929AA1D2652CF00645E4B /* Model */ = {
			isa = PBXGroup;
			children = (
			);
			path = Model;
			sourceTree = "<group>";
		};
		352929AB1D2652CF00645E4B /* Others */ = {
			isa = PBXGroup;
			children = (
			);
			path = Others;
			sourceTree = "<group>";
		};
		352929AC1D2652CF00645E4B /* View */ = {
			isa = PBXGroup;
			children = (
			);
			path = View;
			sourceTree = "<group>";
		};
		352929AD1D2652CF00645E4B /* VIewModel */ = {
			isa = PBXGroup;
			children = (
			);
			path = VIewModel;
			sourceTree = "<group>";
		};
		A55DFFCDCB66113C44ED04BF /* Frameworks */ = {
			isa = PBXGroup;
			children = (
				35E9CBB01D2B4739001FA04E /* libz.1.1.3.tbd */,
				354D35F01D2A68A500EC2D07 /* JavaScriptCore.framework */,
				354D35EE1D2A689D00EC2D07 /* libz.tbd */,
				1E1B8FBDDEA9C8E4883143BD /* Pods_BlackMonkey_JSPatch.framework */,
			);
			name = Frameworks;
			sourceTree = "<group>";
		};
/* End PBXGroup section */

/* Begin PBXNativeTarget section */
		3529296E1D26515200645E4B /* BlackMonkey_JSPatch */ = {
			isa = PBXNativeTarget;
			buildConfigurationList = 3529299C1D26515200645E4B /* Build configuration list for PBXNativeTarget "BlackMonkey_JSPatch" */;
			buildPhases = (
				B99159D5FE09F20206A70BEC /* Check Pods Manifest.lock */,
				3529296B1D26515200645E4B /* Sources */,
				3529296C1D26515200645E4B /* Frameworks */,
				3529296D1D26515200645E4B /* Resources */,
				F357E307240332E0D94671C1 /* Embed Pods Frameworks */,
				24CB96B94BF98A1C36F0901E /* Copy Pods Resources */,
			);
			buildRules = (
			);
			dependencies = (
			);
			name = BlackMonkey_JSPatch;
			productName = BlackMonkey_JSPatch;
			productReference = 3529296F1D26515200645E4B /* BlackMonkey_JSPatch.app */;
			productType = "com.apple.product-type.application";
		};
		352929871D26515200645E4B /* BlackMonkey_JSPatchTests */ = {
			isa = PBXNativeTarget;
			buildConfigurationList = 3529299F1D26515200645E4B /* Build configuration list for PBXNativeTarget "BlackMonkey_JSPatchTests" */;
			buildPhases = (
				352929841D26515200645E4B /* Sources */,
				352929851D26515200645E4B /* Frameworks */,
				352929861D26515200645E4B /* Resources */,
			);
			buildRules = (
			);
			dependencies = (
				3529298A1D26515200645E4B /* PBXTargetDependency */,
			);
			name = BlackMonkey_JSPatchTests;
			productName = BlackMonkey_JSPatchTests;
			productReference = 352929881D26515200645E4B /* BlackMonkey_JSPatchTests.xctest */;
			productType = "com.apple.product-type.bundle.unit-test";
		};
		352929921D26515200645E4B /* BlackMonkey_JSPatchUITests */ = {
			isa = PBXNativeTarget;
			buildConfigurationList = 352929A21D26515200645E4B /* Build configuration list for PBXNativeTarget "BlackMonkey_JSPatchUITests" */;
			buildPhases = (
				3529298F1D26515200645E4B /* Sources */,
				352929901D26515200645E4B /* Frameworks */,
				352929911D26515200645E4B /* Resources */,
			);
			buildRules = (
			);
			dependencies = (
				352929951D26515200645E4B /* PBXTargetDependency */,
			);
			name = BlackMonkey_JSPatchUITests;
			productName = BlackMonkey_JSPatchUITests;
			productReference = 352929931D26515200645E4B /* BlackMonkey_JSPatchUITests.xctest */;
			productType = "com.apple.product-type.bundle.ui-testing";
		};
/* End PBXNativeTarget section */

/* Begin PBXProject section */
		352929671D26515200645E4B /* Project object */ = {
			isa = PBXProject;
			attributes = {
				LastUpgradeCheck = 0730;
				ORGANIZATIONNAME = BlackMonkey;
				TargetAttributes = {
					3529296E1D26515200645E4B = {
						CreatedOnToolsVersion = 7.3;
					};
					352929871D26515200645E4B = {
						CreatedOnToolsVersion = 7.3;
						TestTargetID = 3529296E1D26515200645E4B;
					};
					352929921D26515200645E4B = {
						CreatedOnToolsVersion = 7.3;
						TestTargetID = 3529296E1D26515200645E4B;
					};
				};
			};
			buildConfigurationList = 3529296A1D26515200645E4B /* Build configuration list for PBXProject "BlackMonkey_JSPatch" */;
			compatibilityVersion = "Xcode 3.2";
			developmentRegion = English;
			hasScannedForEncodings = 0;
			knownRegions = (
				en,
				Base,
			);
			mainGroup = 352929661D26515200645E4B;
			productRefGroup = 352929701D26515200645E4B /* Products */;
			projectDirPath = "";
			projectRoot = "";
			targets = (
				3529296E1D26515200645E4B /* BlackMonkey_JSPatch */,
				352929871D26515200645E4B /* BlackMonkey_JSPatchTests */,
				352929921D26515200645E4B /* BlackMonkey_JSPatchUITests */,
			);
		};
/* End PBXProject section */

/* Begin PBXResourcesBuildPhase section */
		3529296D1D26515200645E4B /* Resources */ = {
			isa = PBXResourcesBuildPhase;
			buildActionMask = 2147483647;
			files = (
				352929821D26515200645E4B /* LaunchScreen.storyboard in Resources */,
				3529297F1D26515200645E4B /* Assets.xcassets in Resources */,
				354D35E11D2A518A00EC2D07 /* HomeController.js in Resources */,
				35DB42F11D2B558C009F487C /* main.js in Resources */,
			);
			runOnlyForDeploymentPostprocessing = 0;
		};
		352929861D26515200645E4B /* Resources */ = {
			isa = PBXResourcesBuildPhase;
			buildActionMask = 2147483647;
			files = (
			);
			runOnlyForDeploymentPostprocessing = 0;
		};
		352929911D26515200645E4B /* Resources */ = {
			isa = PBXResourcesBuildPhase;
			buildActionMask = 2147483647;
			files = (
			);
			runOnlyForDeploymentPostprocessing = 0;
		};
/* End PBXResourcesBuildPhase section */

/* Begin PBXShellScriptBuildPhase section */
		24CB96B94BF98A1C36F0901E /* Copy Pods Resources */ = {
			isa = PBXShellScriptBuildPhase;
			buildActionMask = 2147483647;
			files = (
			);
			inputPaths = (
			);
			name = "Copy Pods Resources";
			outputPaths = (
			);
			runOnlyForDeploymentPostprocessing = 0;
			shellPath = /bin/sh;
			shellScript = "\"${SRCROOT}/Pods/Target Support Files/Pods-BlackMonkey_JSPatch/Pods-BlackMonkey_JSPatch-resources.sh\"\n";
			showEnvVarsInLog = 0;
		};
		B99159D5FE09F20206A70BEC /* Check Pods Manifest.lock */ = {
			isa = PBXShellScriptBuildPhase;
			buildActionMask = 2147483647;
			files = (
			);
			inputPaths = (
			);
			name = "Check Pods Manifest.lock";
			outputPaths = (
			);
			runOnlyForDeploymentPostprocessing = 0;
			shellPath = /bin/sh;
			shellScript = "diff \"${PODS_ROOT}/../Podfile.lock\" \"${PODS_ROOT}/Manifest.lock\" > /dev/null\nif [[ $? != 0 ]] ; then\n    cat << EOM\nerror: The sandbox is not in sync with the Podfile.lock. Run 'pod install' or update your CocoaPods installation.\nEOM\n    exit 1\nfi\n";
			showEnvVarsInLog = 0;
		};
		F357E307240332E0D94671C1 /* Embed Pods Frameworks */ = {
			isa = PBXShellScriptBuildPhase;
			buildActionMask = 2147483647;
			files = (
			);
			inputPaths = (
			);
			name = "Embed Pods Frameworks";
			outputPaths = (
			);
			runOnlyForDeploymentPostprocessing = 0;
			shellPath = /bin/sh;
			shellScript = "\"${SRCROOT}/Pods/Target Support Files/Pods-BlackMonkey_JSPatch/Pods-BlackMonkey_JSPatch-frameworks.sh\"\n";
			showEnvVarsInLog = 0;
		};
/* End PBXShellScriptBuildPhase section */

/* Begin PBXSourcesBuildPhase section */
		3529296B1D26515200645E4B /* Sources */ = {
			isa = PBXSourcesBuildPhase;
			buildActionMask = 2147483647;
			files = (
				352929771D26515200645E4B /* AppDelegate.m in Sources */,
				354D35E41D2A51A700EC2D07 /* JSManager.m in Sources */,
				35E9CBBA1D2B4EA6001FA04E /* BaseController.m in Sources */,
				35E9CBBB1D2B4EA6001FA04E /* HomeController.m in Sources */,
				352929741D26515200645E4B /* main.m in Sources */,
			);
			runOnlyForDeploymentPostprocessing = 0;
		};
		352929841D26515200645E4B /* Sources */ = {
			isa = PBXSourcesBuildPhase;
			buildActionMask = 2147483647;
			files = (
				3529298D1D26515200645E4B /* BlackMonkey_JSPatchTests.m in Sources */,
			);
			runOnlyForDeploymentPostprocessing = 0;
		};
		3529298F1D26515200645E4B /* Sources */ = {
			isa = PBXSourcesBuildPhase;
			buildActionMask = 2147483647;
			files = (
				352929981D26515200645E4B /* BlackMonkey_JSPatchUITests.m in Sources */,
			);
			runOnlyForDeploymentPostprocessing = 0;
		};
/* End PBXSourcesBuildPhase section */

/* Begin PBXTargetDependency section */
		3529298A1D26515200645E4B /* PBXTargetDependency */ = {
			isa = PBXTargetDependency;
			target = 3529296E1D26515200645E4B /* BlackMonkey_JSPatch */;
			targetProxy = 352929891D26515200645E4B /* PBXContainerItemProxy */;
		};
		352929951D26515200645E4B /* PBXTargetDependency */ = {
			isa = PBXTargetDependency;
			target = 3529296E1D26515200645E4B /* BlackMonkey_JSPatch */;
			targetProxy = 352929941D26515200645E4B /* PBXContainerItemProxy */;
		};
/* End PBXTargetDependency section */

/* Begin PBXVariantGroup section */
		352929801D26515200645E4B /* LaunchScreen.storyboard */ = {
			isa = PBXVariantGroup;
			children = (
				352929811D26515200645E4B /* Base */,
			);
			name = LaunchScreen.storyboard;
			sourceTree = "<group>";
		};
/* End PBXVariantGroup section */

/* Begin XCBuildConfiguration section */
		3529299A1D26515200645E4B /* Debug */ = {
			isa = XCBuildConfiguration;
			buildSettings = {
				ALWAYS_SEARCH_USER_PATHS = NO;
				CLANG_ANALYZER_NONNULL = YES;
				CLANG_CXX_LANGUAGE_STANDARD = "gnu++0x";
				CLANG_CXX_LIBRARY = "libc++";
				CLANG_ENABLE_MODULES = YES;
				CLANG_ENABLE_OBJC_ARC = YES;
				CLANG_WARN_BOOL_CONVERSION = YES;
				CLANG_WARN_CONSTANT_CONVERSION = YES;
				CLANG_WARN_DIRECT_OBJC_ISA_USAGE = YES_ERROR;
				CLANG_WARN_EMPTY_BODY = YES;
				CLANG_WARN_ENUM_CONVERSION = YES;
				CLANG_WARN_INT_CONVERSION = YES;
				CLANG_WARN_OBJC_ROOT_CLASS = YES_ERROR;
				CLANG_WARN_UNREACHABLE_CODE = YES;
				CLANG_WARN__DUPLICATE_METHOD_MATCH = YES;
				"CODE_SIGN_IDENTITY[sdk=iphoneos*]" = "iPhone Developer";
				COPY_PHASE_STRIP = NO;
				DEBUG_INFORMATION_FORMAT = dwarf;
				ENABLE_STRICT_OBJC_MSGSEND = YES;
				ENABLE_TESTABILITY = YES;
				GCC_C_LANGUAGE_STANDARD = gnu99;
				GCC_DYNAMIC_NO_PIC = NO;
				GCC_NO_COMMON_BLOCKS = YES;
				GCC_OPTIMIZATION_LEVEL = 0;
				GCC_PREPROCESSOR_DEFINITIONS = (
					"DEBUG=1",
					"$(inherited)",
				);
				GCC_WARN_64_TO_32_BIT_CONVERSION = YES;
				GCC_WARN_ABOUT_RETURN_TYPE = YES_ERROR;
				GCC_WARN_UNDECLARED_SELECTOR = YES;
				GCC_WARN_UNINITIALIZED_AUTOS = YES_AGGRESSIVE;
				GCC_WARN_UNUSED_FUNCTION = YES;
				GCC_WARN_UNUSED_VARIABLE = YES;
				IPHONEOS_DEPLOYMENT_TARGET = 9.3;
				MTL_ENABLE_DEBUG_INFO = YES;
				ONLY_ACTIVE_ARCH = YES;
				SDKROOT = iphoneos;
				TARGETED_DEVICE_FAMILY = "1,2";
			};
			name = Debug;
		};
		3529299B1D26515200645E4B /* Release */ = {
			isa = XCBuildConfiguration;
			buildSettings = {
				ALWAYS_SEARCH_USER_PATHS = NO;
				CLANG_ANALYZER_NONNULL = YES;
				CLANG_CXX_LANGUAGE_STANDARD = "gnu++0x";
				CLANG_CXX_LIBRARY = "libc++";
				CLANG_ENABLE_MODULES = YES;
				CLANG_ENABLE_OBJC_ARC = YES;
				CLANG_WARN_BOOL_CONVERSION = YES;
				CLANG_WARN_CONSTANT_CONVERSION = YES;
				CLANG_WARN_DIRECT_OBJC_ISA_USAGE = YES_ERROR;
				CLANG_WARN_EMPTY_BODY = YES;
				CLANG_WARN_ENUM_CONVERSION = YES;
				CLANG_WARN_INT_CONVERSION = YES;
				CLANG_WARN_OBJC_ROOT_CLASS = YES_ERROR;
				CLANG_WARN_UNREACHABLE_CODE = YES;
				CLANG_WARN__DUPLICATE_METHOD_MATCH = YES;
				"CODE_SIGN_IDENTITY[sdk=iphoneos*]" = "iPhone Developer";
				COPY_PHASE_STRIP = NO;
				DEBUG_INFORMATION_FORMAT = "dwarf-with-dsym";
				ENABLE_NS_ASSERTIONS = NO;
				ENABLE_STRICT_OBJC_MSGSEND = YES;
				GCC_C_LANGUAGE_STANDARD = gnu99;
				GCC_NO_COMMON_BLOCKS = YES;
				GCC_WARN_64_TO_32_BIT_CONVERSION = YES;
				GCC_WARN_ABOUT_RETURN_TYPE = YES_ERROR;
				GCC_WARN_UNDECLARED_SELECTOR = YES;
				GCC_WARN_UNINITIALIZED_AUTOS = YES_AGGRESSIVE;
				GCC_WARN_UNUSED_FUNCTION = YES;
				GCC_WARN_UNUSED_VARIABLE = YES;
				IPHONEOS_DEPLOYMENT_TARGET = 9.3;
				MTL_ENABLE_DEBUG_INFO = NO;
				SDKROOT = iphoneos;
				TARGETED_DEVICE_FAMILY = "1,2";
				VALIDATE_PRODUCT = YES;
			};
			name = Release;
		};
		3529299D1D26515200645E4B /* Debug */ = {
			isa = XCBuildConfiguration;
			baseConfigurationReference = DCAD6B50CC3DC608B8EFF88E /* Pods-BlackMonkey_JSPatch.debug.xcconfig */;
			buildSettings = {
				ASSETCATALOG_COMPILER_APPICON_NAME = AppIcon;
				FRAMEWORK_SEARCH_PATHS = (
					"$(inherited)",
					"$(PROJECT_DIR)/BlackMonkey_JSPatch/FrameWorks",
					"$(PROJECT_DIR)/BlackMonkey_JSPatch",
				);
				INFOPLIST_FILE = BlackMonkey_JSPatch/Info.plist;
				IPHONEOS_DEPLOYMENT_TARGET = 8.0;
				LD_RUNPATH_SEARCH_PATHS = "$(inherited) @executable_path/Frameworks";
				PRODUCT_BUNDLE_IDENTIFIER = "com.HZT.BlackMonkey-JSPatch";
				PRODUCT_NAME = "$(TARGET_NAME)";
			};
			name = Debug;
		};
		3529299E1D26515200645E4B /* Release */ = {
			isa = XCBuildConfiguration;
			baseConfigurationReference = 1A60F29D53FE9494EA0BFF5A /* Pods-BlackMonkey_JSPatch.release.xcconfig */;
			buildSettings = {
				ASSETCATALOG_COMPILER_APPICON_NAME = AppIcon;
				FRAMEWORK_SEARCH_PATHS = (
					"$(inherited)",
					"$(PROJECT_DIR)/BlackMonkey_JSPatch/FrameWorks",
					"$(PROJECT_DIR)/BlackMonkey_JSPatch",
				);
				INFOPLIST_FILE = BlackMonkey_JSPatch/Info.plist;
				IPHONEOS_DEPLOYMENT_TARGET = 8.0;
				LD_RUNPATH_SEARCH_PATHS = "$(inherited) @executable_path/Frameworks";
				PRODUCT_BUNDLE_IDENTIFIER = "com.HZT.BlackMonkey-JSPatch";
				PRODUCT_NAME = "$(TARGET_NAME)";
			};
			name = Release;
		};
		352929A01D26515200645E4B /* Debug */ = {
			isa = XCBuildConfiguration;
			buildSettings = {
				BUNDLE_LOADER = "$(TEST_HOST)";
				INFOPLIST_FILE = BlackMonkey_JSPatchTests/Info.plist;
				LD_RUNPATH_SEARCH_PATHS = "$(inherited) @executable_path/Frameworks @loader_path/Frameworks";
				PRODUCT_BUNDLE_IDENTIFIER = "com.HZT.BlackMonkey-JSPatchTests";
				PRODUCT_NAME = "$(TARGET_NAME)";
				TEST_HOST = "$(BUILT_PRODUCTS_DIR)/BlackMonkey_JSPatch.app/BlackMonkey_JSPatch";
			};
			name = Debug;
		};
		352929A11D26515200645E4B /* Release */ = {
			isa = XCBuildConfiguration;
			buildSettings = {
				BUNDLE_LOADER = "$(TEST_HOST)";
				INFOPLIST_FILE = BlackMonkey_JSPatchTests/Info.plist;
				LD_RUNPATH_SEARCH_PATHS = "$(inherited) @executable_path/Frameworks @loader_path/Frameworks";
				PRODUCT_BUNDLE_IDENTIFIER = "com.HZT.BlackMonkey-JSPatchTests";
				PRODUCT_NAME = "$(TARGET_NAME)";
				TEST_HOST = "$(BUILT_PRODUCTS_DIR)/BlackMonkey_JSPatch.app/BlackMonkey_JSPatch";
			};
			name = Release;
		};
		352929A31D26515200645E4B /* Debug */ = {
			isa = XCBuildConfiguration;
			buildSettings = {
				INFOPLIST_FILE = BlackMonkey_JSPatchUITests/Info.plist;
				LD_RUNPATH_SEARCH_PATHS = "$(inherited) @executable_path/Frameworks @loader_path/Frameworks";
				PRODUCT_BUNDLE_IDENTIFIER = "com.HZT.BlackMonkey-JSPatchUITests";
				PRODUCT_NAME = "$(TARGET_NAME)";
				TEST_TARGET_NAME = BlackMonkey_JSPatch;
			};
			name = Debug;
		};
		352929A41D26515200645E4B /* Release */ = {
			isa = XCBuildConfiguration;
			buildSettings = {
				INFOPLIST_FILE = BlackMonkey_JSPatchUITests/Info.plist;
				LD_RUNPATH_SEARCH_PATHS = "$(inherited) @executable_path/Frameworks @loader_path/Frameworks";
				PRODUCT_BUNDLE_IDENTIFIER = "com.HZT.BlackMonkey-JSPatchUITests";
				PRODUCT_NAME = "$(TARGET_NAME)";
				TEST_TARGET_NAME = BlackMonkey_JSPatch;
			};
			name = Release;
		};
/* End XCBuildConfiguration section */

/* Begin XCConfigurationList section */
		3529296A1D26515200645E4B /* Build configuration list for PBXProject "BlackMonkey_JSPatch" */ = {
			isa = XCConfigurationList;
			buildConfigurations = (
				3529299A1D26515200645E4B /* Debug */,
				3529299B1D26515200645E4B /* Release */,
			);
			defaultConfigurationIsVisible = 0;
			defaultConfigurationName = Release;
		};
		3529299C1D26515200645E4B /* Build configuration list for PBXNativeTarget "BlackMonkey_JSPatch" */ = {
			isa = XCConfigurationList;
			buildConfigurations = (
				3529299D1D26515200645E4B /* Debug */,
				3529299E1D26515200645E4B /* Release */,
			);
			defaultConfigurationIsVisible = 0;
			defaultConfigurationName = Release;
		};
		3529299F1D26515200645E4B /* Build configuration list for PBXNativeTarget "BlackMonkey_JSPatchTests" */ = {
			isa = XCConfigurationList;
			buildConfigurations = (
				352929A01D26515200645E4B /* Debug */,
				352929A11D26515200645E4B /* Release */,
			);
			defaultConfigurationIsVisible = 0;
			defaultConfigurationName = Release;
		};
		352929A21D26515200645E4B /* Build configuration list for PBXNativeTarget "BlackMonkey_JSPatchUITests" */ = {
			isa = XCConfigurationList;
			buildConfigurations = (
				352929A31D26515200645E4B /* Debug */,
				352929A41D26515200645E4B /* Release */,
			);
			defaultConfigurationIsVisible = 0;
			defaultConfigurationName = Release;
		};
/* End XCConfigurationList section */
	};
	rootObject = 352929671D26515200645E4B /* Project object */;
}
